<?xml version="1.0" encoding="utf-8"?>
<Project ToolsVersion="4.0" xmlns="http://schemas.microsoft.com/developer/msbuild/2003">
  <ItemGroup>
    <ClCompile Include="main.cpp" />
    <ClCompile Include="SDLEvent.cpp" />
    <ClCompile Include="TimeManager.cpp" />
    <ClCompile Include="error_manager.cpp">
      <Filter>Engine\Source files</Filter>
    </ClCompile>
    <ClCompile Include="Math_Utilities.cpp">
      <Filter>Engine\Source files</Filter>
    </ClCompile>
    <ClCompile Include="App.cpp" />
    <ClCompile Include="matrix_4.cpp">
      <Filter>Engine\Source files</Filter>
    </ClCompile>
    <ClCompile Include="renderer.cpp">
      <Filter>Engine\Source files</Filter>
    </ClCompile>
    <ClCompile Include="shaders_utilities.cpp">
      <Filter>Engine\Source files</Filter>
    </ClCompile>
    <ClCompile Include="texture.cpp">
      <Filter>Engine\Source files</Filter>
    </ClCompile>
    <ClCompile Include="Vector_2.cpp">
      <Filter>Engine\Source files</Filter>
    </ClCompile>
    <ClCompile Include="Vector_3.cpp">
      <Filter>Engine\Source files</Filter>
    </ClCompile>
    <ClCompile Include="Vector_4.cpp">
      <Filter>Engine\Source files</Filter>
    </ClCompile>
    <ClCompile Include="component.cpp">
      <Filter>Engine\core</Filter>
    </ClCompile>
    <ClCompile Include="game_object.cpp">
      <Filter>Engine\core</Filter>
    </ClCompile>
    <ClCompile Include="unique_id.cpp">
      <Filter>Engine\core</Filter>
    </ClCompile>
    <ClCompile Include="sprite.cpp" />
    <ClCompile Include="resource_manager.cpp" />
    <ClCompile Include="game.cpp">
      <Filter>game</Filter>
    </ClCompile>
  </ItemGroup>
  <ItemGroup>
    <ClInclude Include="App.hpp" />
    <ClInclude Include="SDLEvent.hpp" />
    <ClInclude Include="TimeManager.hpp" />
    <ClInclude Include="stb_image.h" />
    <ClInclude Include="error_manager.hpp">
      <Filter>Engine\Header files</Filter>
    </ClInclude>
    <ClInclude Include="Math_Utilities.hpp">
      <Filter>Engine\Header files</Filter>
    </ClInclude>
    <ClInclude Include="matrix_4.hpp">
      <Filter>Engine\Header files</Filter>
    </ClInclude>
    <ClInclude Include="renderer.hpp">
      <Filter>Engine\Header files</Filter>
    </ClInclude>
    <ClInclude Include="shaders_utilities.hpp">
      <Filter>Engine\Header files</Filter>
    </ClInclude>
    <ClInclude Include="texture.hpp">
      <Filter>Engine\Header files</Filter>
    </ClInclude>
    <ClInclude Include="Vector_2.hpp">
      <Filter>Engine\Header files</Filter>
    </ClInclude>
    <ClInclude Include="Vector_3.hpp">
      <Filter>Engine\Header files</Filter>
    </ClInclude>
    <ClInclude Include="Vector_4.hpp">
      <Filter>Engine\Header files</Filter>
    </ClInclude>
    <ClInclude Include="i_update.hpp">
      <Filter>Engine\core</Filter>
    </ClInclude>
    <ClInclude Include="game_object.hpp">
      <Filter>Engine\core</Filter>
    </ClInclude>
    <ClInclude Include="component.hpp">
      <Filter>Engine\core</Filter>
    </ClInclude>
    <ClInclude Include="i_render.hpp">
      <Filter>Engine\core</Filter>
    </ClInclude>
    <ClInclude Include="unique_id.hpp">
      <Filter>Engine\core</Filter>
    </ClInclude>
    <ClInclude Include="vertex.hpp">
      <Filter>Engine\Header files</Filter>
    </ClInclude>
    <ClInclude Include="sprite.hpp" />
    <ClInclude Include="resource_manager.hpp" />
    <ClInclude Include="game.hpp">
      <Filter>game</Filter>
    </ClInclude>
  </ItemGroup>
  <ItemGroup>
    <Filter Include="Engine">
      <UniqueIdentifier>{6f9fb37f-e47b-46c3-8209-dbf486018555}</UniqueIdentifier>
    </Filter>
    <Filter Include="Engine\Source files">
      <UniqueIdentifier>{0a3ec513-922c-4b14-83e3-98e1934fea74}</UniqueIdentifier>
    </Filter>
    <Filter Include="Engine\Header files">
      <UniqueIdentifier>{da8cc683-e66e-46b9-be58-7d0e16e23f76}</UniqueIdentifier>
    </Filter>
    <Filter Include="Engine\core">
      <UniqueIdentifier>{1c41bd96-7291-4a07-8e68-8140ae2eb9a0}</UniqueIdentifier>
    </Filter>
    <Filter Include="game">
      <UniqueIdentifier>{29a552fa-ace6-41bc-acd2-16b90153ea4b}</UniqueIdentifier>
    </Filter>
  </ItemGroup>
  <ItemGroup>
    <None Include="frag.glsl" />
    <None Include="vertex.glsl" />
  </ItemGroup>
</Project>